
Microsoft Visual Studio Solution File, Format Version 12.00
# Visual Studio Version 17
VisualStudioVersion = 17.2.32516.85
MinimumVisualStudioVersion = 10.0.40219.1
Project("{FAE04EC0-301F-11D3-BF4B-00C04F79EFBC}") = "DS.RevitLib.Utils", "DS.RevitLib.Utils\DS.RevitLib.Utils.csproj", "{9873F185-F630-4BB2-94A4-D9665F32B802}"
EndProject
Project("{FAE04EC0-301F-11D3-BF4B-00C04F79EFBC}") = "DS.RevitLib.Test", "DS.RevitLib.Test\DS.RevitLib.Test.csproj", "{D09A7AB1-033E-4247-BCAF-7A0D714F451E}"
EndProject
Project("{FAE04EC0-301F-11D3-BF4B-00C04F79EFBC}") = "DS.RevitLib.Collisions", "DS.RevitLib.Collisions\DS.RevitLib.Collisions.csproj", "{ABE6AE2B-0932-446A-8725-528108D59216}"
EndProject
Project("{FAE04EC0-301F-11D3-BF4B-00C04F79EFBC}") = "DS.RevitLib.Solids", "DS.RevitLib.Solids\DS.RevitLib.Solids.csproj", "{77EB48B3-BBB3-4CAD-80E9-052A66B9CF04}"
EndProject
Global
	GlobalSection(SolutionConfigurationPlatforms) = preSolution
		Debug|Any CPU = Debug|Any CPU
		Release|Any CPU = Release|Any CPU
	EndGlobalSection
	GlobalSection(ProjectConfigurationPlatforms) = postSolution
		{9873F185-F630-4BB2-94A4-D9665F32B802}.Debug|Any CPU.ActiveCfg = Debug|Any CPU
		{9873F185-F630-4BB2-94A4-D9665F32B802}.Debug|Any CPU.Build.0 = Debug|Any CPU
		{9873F185-F630-4BB2-94A4-D9665F32B802}.Release|Any CPU.ActiveCfg = Release|Any CPU
		{9873F185-F630-4BB2-94A4-D9665F32B802}.Release|Any CPU.Build.0 = Release|Any CPU
		{D09A7AB1-033E-4247-BCAF-7A0D714F451E}.Debug|Any CPU.ActiveCfg = Debug|Any CPU
		{D09A7AB1-033E-4247-BCAF-7A0D714F451E}.Debug|Any CPU.Build.0 = Debug|Any CPU
		{D09A7AB1-033E-4247-BCAF-7A0D714F451E}.Release|Any CPU.ActiveCfg = Release|Any CPU
		{D09A7AB1-033E-4247-BCAF-7A0D714F451E}.Release|Any CPU.Build.0 = Release|Any CPU
		{ABE6AE2B-0932-446A-8725-528108D59216}.Debug|Any CPU.ActiveCfg = Debug|Any CPU
		{ABE6AE2B-0932-446A-8725-528108D59216}.Debug|Any CPU.Build.0 = Debug|Any CPU
		{ABE6AE2B-0932-446A-8725-528108D59216}.Release|Any CPU.ActiveCfg = Release|Any CPU
		{ABE6AE2B-0932-446A-8725-528108D59216}.Release|Any CPU.Build.0 = Release|Any CPU
		{77EB48B3-BBB3-4CAD-80E9-052A66B9CF04}.Debug|Any CPU.ActiveCfg = Debug|Any CPU
		{77EB48B3-BBB3-4CAD-80E9-052A66B9CF04}.Debug|Any CPU.Build.0 = Debug|Any CPU
		{77EB48B3-BBB3-4CAD-80E9-052A66B9CF04}.Release|Any CPU.ActiveCfg = Release|Any CPU
		{77EB48B3-BBB3-4CAD-80E9-052A66B9CF04}.Release|Any CPU.Build.0 = Release|Any CPU
	EndGlobalSection
	GlobalSection(SolutionProperties) = preSolution
		HideSolutionNode = FALSE
	EndGlobalSection
	GlobalSection(ExtensibilityGlobals) = postSolution
		SolutionGuid = {39ECB859-C5AD-405E-BC84-2776AE08BB90}
	EndGlobalSection
EndGlobal
