
Microsoft Visual Studio Solution File, Format Version 12.00
# Visual Studio Version 17
VisualStudioVersion = 17.8.34309.116
MinimumVisualStudioVersion = 10.0.40219.1
Project("{FAE04EC0-301F-11D3-BF4B-00C04F79EFBC}") = "DS.RevitCollisions", "DS.RevitCollisions\DS.RevitCollisions.csproj", "{342F5182-3456-49CE-83EA-74D1E110B2E0}"
EndProject
Project("{FAE04EC0-301F-11D3-BF4B-00C04F79EFBC}") = "DS.RevitCollisions.ManualTest", "DS.RevitCollisions.ManualTest\DS.RevitCollisions.ManualTest.csproj", "{45D29531-C855-45FD-8487-4B05AF0CC9AD}"
EndProject
Project("{FAE04EC0-301F-11D3-BF4B-00C04F79EFBC}") = "DS.ClassLib.VarUtils", "..\..\DS.CommonLib.Utils\DS.ClassLib.VarUtils\DS.ClassLib.VarUtils.csproj", "{97D2548B-BA7F-4C31-8F52-6BF929E0C37B}"
EndProject
Project("{FAE04EC0-301F-11D3-BF4B-00C04F79EFBC}") = "DS.RevitLib.Utils", "..\DS.RevitLib.Utils\DS.RevitLib.Utils.csproj", "{9873F185-F630-4BB2-94A4-D9665F32B802}"
EndProject
Project("{FAE04EC0-301F-11D3-BF4B-00C04F79EFBC}") = "DS.PathFinder", "..\..\DS.CommonLib.Utils\PathFinders\DS.PathFinder\DS.PathFinder.csproj", "{0A99EB4B-783B-495B-B743-82077C2BB30A}"
EndProject
Project("{FAE04EC0-301F-11D3-BF4B-00C04F79EFBC}") = "DS.GraphUtils.Entities", "..\..\DS.GraphUtils\DS.GraphUtils.Entities\DS.GraphUtils.Entities\DS.GraphUtils.Entities.csproj", "{3F3C36E6-646A-47B2-AD46-81268EAD25B0}"
EndProject
Global
	GlobalSection(SolutionConfigurationPlatforms) = preSolution
		Debug|Any CPU = Debug|Any CPU
		Release|Any CPU = Release|Any CPU
	EndGlobalSection
	GlobalSection(ProjectConfigurationPlatforms) = postSolution
		{342F5182-3456-49CE-83EA-74D1E110B2E0}.Debug|Any CPU.ActiveCfg = Debug|Any CPU
		{342F5182-3456-49CE-83EA-74D1E110B2E0}.Debug|Any CPU.Build.0 = Debug|Any CPU
		{342F5182-3456-49CE-83EA-74D1E110B2E0}.Release|Any CPU.ActiveCfg = Release|Any CPU
		{342F5182-3456-49CE-83EA-74D1E110B2E0}.Release|Any CPU.Build.0 = Release|Any CPU
		{45D29531-C855-45FD-8487-4B05AF0CC9AD}.Debug|Any CPU.ActiveCfg = Debug|Any CPU
		{45D29531-C855-45FD-8487-4B05AF0CC9AD}.Debug|Any CPU.Build.0 = Debug|Any CPU
		{45D29531-C855-45FD-8487-4B05AF0CC9AD}.Release|Any CPU.ActiveCfg = Release|Any CPU
		{45D29531-C855-45FD-8487-4B05AF0CC9AD}.Release|Any CPU.Build.0 = Release|Any CPU
		{97D2548B-BA7F-4C31-8F52-6BF929E0C37B}.Debug|Any CPU.ActiveCfg = Debug|Any CPU
		{97D2548B-BA7F-4C31-8F52-6BF929E0C37B}.Debug|Any CPU.Build.0 = Debug|Any CPU
		{97D2548B-BA7F-4C31-8F52-6BF929E0C37B}.Release|Any CPU.ActiveCfg = Release|Any CPU
		{97D2548B-BA7F-4C31-8F52-6BF929E0C37B}.Release|Any CPU.Build.0 = Release|Any CPU
		{9873F185-F630-4BB2-94A4-D9665F32B802}.Debug|Any CPU.ActiveCfg = Debug|Any CPU
		{9873F185-F630-4BB2-94A4-D9665F32B802}.Debug|Any CPU.Build.0 = Debug|Any CPU
		{9873F185-F630-4BB2-94A4-D9665F32B802}.Release|Any CPU.ActiveCfg = Release|Any CPU
		{9873F185-F630-4BB2-94A4-D9665F32B802}.Release|Any CPU.Build.0 = Release|Any CPU
		{0A99EB4B-783B-495B-B743-82077C2BB30A}.Debug|Any CPU.ActiveCfg = Debug|Any CPU
		{0A99EB4B-783B-495B-B743-82077C2BB30A}.Debug|Any CPU.Build.0 = Debug|Any CPU
		{0A99EB4B-783B-495B-B743-82077C2BB30A}.Release|Any CPU.ActiveCfg = Release|Any CPU
		{0A99EB4B-783B-495B-B743-82077C2BB30A}.Release|Any CPU.Build.0 = Release|Any CPU
		{3F3C36E6-646A-47B2-AD46-81268EAD25B0}.Debug|Any CPU.ActiveCfg = Debug|Any CPU
		{3F3C36E6-646A-47B2-AD46-81268EAD25B0}.Debug|Any CPU.Build.0 = Debug|Any CPU
		{3F3C36E6-646A-47B2-AD46-81268EAD25B0}.Release|Any CPU.ActiveCfg = Release|Any CPU
		{3F3C36E6-646A-47B2-AD46-81268EAD25B0}.Release|Any CPU.Build.0 = Release|Any CPU
	EndGlobalSection
	GlobalSection(SolutionProperties) = preSolution
		HideSolutionNode = FALSE
	EndGlobalSection
	GlobalSection(ExtensibilityGlobals) = postSolution
		SolutionGuid = {0418367B-4273-452A-980D-717D286DB1D9}
	EndGlobalSection
EndGlobal
